
Microsoft Visual Studio Solution File, Format Version 12.00
# Visual Studio Version 17
VisualStudioVersion = 17.13.35825.156 d17.13
MinimumVisualStudioVersion = 10.0.40219.1
Project("{8BC9CEB8-8B4A-11D0-8D11-00A0C91BC942}") = "Proyecto-Progra1", "Proyecto-Progra1.vcxproj", "{BF8B77CA-1CA6-45D9-85A3-59A1C8D719DE}"
EndProject
Global
	GlobalSection(SolutionConfigurationPlatforms) = preSolution
		Debug|x64 = Debug|x64
		Debug|x86 = Debug|x86
		Release|x64 = Release|x64
		Release|x86 = Release|x86
	EndGlobalSection
	GlobalSection(ProjectConfigurationPlatforms) = postSolution
		{BF8B77CA-1CA6-45D9-85A3-59A1C8D719DE}.Debug|x64.ActiveCfg = Debug|x64
		{BF8B77CA-1CA6-45D9-85A3-59A1C8D719DE}.Debug|x64.Build.0 = Debug|x64
		{BF8B77CA-1CA6-45D9-85A3-59A1C8D719DE}.Debug|x86.ActiveCfg = Debug|Win32
		{BF8B77CA-1CA6-45D9-85A3-59A1C8D719DE}.Debug|x86.Build.0 = Debug|Win32
		{BF8B77CA-1CA6-45D9-85A3-59A1C8D719DE}.Release|x64.ActiveCfg = Release|x64
		{BF8B77CA-1CA6-45D9-85A3-59A1C8D719DE}.Release|x64.Build.0 = Release|x64
		{BF8B77CA-1CA6-45D9-85A3-59A1C8D719DE}.Release|x86.ActiveCfg = Release|Win32
		{BF8B77CA-1CA6-45D9-85A3-59A1C8D719DE}.Release|x86.Build.0 = Release|Win32
	EndGlobalSection
	GlobalSection(SolutionProperties) = preSolution
		HideSolutionNode = FALSE
	EndGlobalSection
	GlobalSection(ExtensibilityGlobals) = postSolution
		SolutionGuid = {AA0753B7-D822-4674-B974-6BCA92FE1B34}
	EndGlobalSection
EndGlobal
